
Microsoft Visual Studio Solution File, Format Version 12.00
# Visual Studio Version 17
VisualStudioVersion = 17.0.31903.59
MinimumVisualStudioVersion = 10.0.40219.1
Project("{9A19103F-16F7-4668-BE54-9A1E7A4F7556}") = "Backend", "Backend\Backend.csproj", "{D503BFAD-7AFC-4E29-9FD6-ED60A4CC275C}"
EndProject
Project("{9A19103F-16F7-4668-BE54-9A1E7A4F7556}") = "ContainerToolDB", "ContainerToolDBDb\ContainerToolDB.csproj", "{0F29C403-2B4F-4307-B150-972602C2C74E}"
EndProject
Global
	GlobalSection(SolutionConfigurationPlatforms) = preSolution
		Debug|Any CPU = Debug|Any CPU
		Release|Any CPU = Release|Any CPU
	EndGlobalSection
	GlobalSection(ProjectConfigurationPlatforms) = postSolution
		{D503BFAD-7AFC-4E29-9FD6-ED60A4CC275C}.Debug|Any CPU.ActiveCfg = Debug|Any CPU
		{D503BFAD-7AFC-4E29-9FD6-ED60A4CC275C}.Debug|Any CPU.Build.0 = Debug|Any CPU
		{D503BFAD-7AFC-4E29-9FD6-ED60A4CC275C}.Release|Any CPU.ActiveCfg = Release|Any CPU
		{D503BFAD-7AFC-4E29-9FD6-ED60A4CC275C}.Release|Any CPU.Build.0 = Release|Any CPU
		{0F29C403-2B4F-4307-B150-972602C2C74E}.Debug|Any CPU.ActiveCfg = Debug|Any CPU
		{0F29C403-2B4F-4307-B150-972602C2C74E}.Debug|Any CPU.Build.0 = Debug|Any CPU
		{0F29C403-2B4F-4307-B150-972602C2C74E}.Release|Any CPU.ActiveCfg = Release|Any CPU
		{0F29C403-2B4F-4307-B150-972602C2C74E}.Release|Any CPU.Build.0 = Release|Any CPU
	EndGlobalSection
	GlobalSection(SolutionProperties) = preSolution
		HideSolutionNode = FALSE
	EndGlobalSection
EndGlobal
